<?xml version="1.0" encoding="utf-8"?>
<Project ToolsVersion="4.0" xmlns="http://schemas.microsoft.com/developer/msbuild/2003">
  <ItemGroup>
    <Filter Include="Source Files">
      <UniqueIdentifier>{4FC737F1-C7A5-4376-A066-2A32D752A2FF}</UniqueIdentifier>
      <Extensions>cpp;c;cc;cxx;c++;cppm;ixx;def;odl;idl;hpj;bat;asm;asmx</Extensions>
    </Filter>
    <Filter Include="Header Files">
      <UniqueIdentifier>{93995380-89BD-4b04-88EB-625FBE52EBFB}</UniqueIdentifier>
      <Extensions>h;hh;hpp;hxx;h++;hm;inl;inc;ipp;xsd</Extensions>
    </Filter>
    <Filter Include="Resource Files">
      <UniqueIdentifier>{67DA6AB6-F800-4c08-8B7A-83BB121AAD01}</UniqueIdentifier>
      <Extensions>rc;ico;cur;bmp;dlg;rc2;rct;bin;rgs;gif;jpg;jpeg;jpe;resx;tiff;tif;png;wav;mfcribbon-ms</Extensions>
    </Filter>
  </ItemGroup>
  <ItemGroup>
    <ClCompile Include="src\CollisionManager.cpp">
      <Filter>Source Files</Filter>
    </ClCompile>
    <ClCompile Include="src\Game.cpp">
      <Filter>Source Files</Filter>
    </ClCompile>
    <ClCompile Include="src\GameOverScreen.cpp">
      <Filter>Source Files</Filter>
    </ClCompile>
    <ClCompile Include="src\Level2.cpp">
      <Filter>Source Files</Filter>
    </ClCompile>
    <ClCompile Include="src\LevelDesign.cpp">
      <Filter>Source Files</Filter>
    </ClCompile>
    <ClCompile Include="src\Main.cpp">
      <Filter>Source Files</Filter>
    </ClCompile>
    <ClCompile Include="src\Menu.cpp">
      <Filter>Source Files</Filter>
    </ClCompile>
    <ClCompile Include="src\Obstacle.cpp">
      <Filter>Source Files</Filter>
    </ClCompile>
    <ClCompile Include="src\OptionsMenu.cpp">
      <Filter>Source Files</Filter>
    </ClCompile>
    <ClCompile Include="src\ParallaxBackground.cpp">
      <Filter>Source Files</Filter>
    </ClCompile>
    <ClCompile Include="src\PauseMenu.cpp">
      <Filter>Source Files</Filter>
    </ClCompile>
    <ClCompile Include="src\Platform.cpp">
      <Filter>Source Files</Filter>
    </ClCompile>
    <ClCompile Include="src\Player.cpp">
      <Filter>Source Files</Filter>
    </ClCompile>
    <ClCompile Include="src\RainSystem.cpp">
      <Filter>Source Files</Filter>
    </ClCompile>
    <ClCompile Include="src\SoundManager.cpp">
      <Filter>Source Files</Filter>
    </ClCompile>
    <ClCompile Include="src\UI.cpp">
      <Filter>Source Files</Filter>
    </ClCompile>
    <ClCompile Include="src\WinningScreen.cpp">
      <Filter>Source Files</Filter>
    </ClCompile>
  </ItemGroup>
  <ItemGroup>
    <ClInclude Include="include\CollisionManager.h">
      <Filter>Header Files</Filter>
    </ClInclude>
    <ClInclude Include="include\Game.h">
      <Filter>Header Files</Filter>
    </ClInclude>
    <ClInclude Include="include\GameOverScreen.h">
      <Filter>Header Files</Filter>
    </ClInclude>
    <ClInclude Include="include\Level2.h">
      <Filter>Header Files</Filter>
    </ClInclude>
    <ClInclude Include="include\LevelDesign.h">
      <Filter>Header Files</Filter>
    </ClInclude>
    <ClInclude Include="include\Menu.h">
      <Filter>Header Files</Filter>
    </ClInclude>
    <ClInclude Include="include\Obstacle.h">
      <Filter>Header Files</Filter>
    </ClInclude>
    <ClInclude Include="include\OptionsMenu.h">
      <Filter>Header Files</Filter>
    </ClInclude>
    <ClInclude Include="include\ParallaxBackground.h">
      <Filter>Header Files</Filter>
    </ClInclude>
    <ClInclude Include="include\PauseMenu.h">
      <Filter>Header Files</Filter>
    </ClInclude>
    <ClInclude Include="include\Platform.h">
      <Filter>Header Files</Filter>
    </ClInclude>
    <ClInclude Include="include\Player.h">
      <Filter>Header Files</Filter>
    </ClInclude>
    <ClInclude Include="include\RainSystem.h">
      <Filter>Header Files</Filter>
    </ClInclude>
    <ClInclude Include="include\SoundManager.h">
      <Filter>Header Files</Filter>
    </ClInclude>
    <ClInclude Include="include\UI.h">
      <Filter>Header Files</Filter>
    </ClInclude>
    <ClInclude Include="include\WinningScreen.h">
      <Filter>Header Files</Filter>
    </ClInclude>
  </ItemGroup>
  <ItemGroup>
    <Image Include="Assets\Backgrounds\BG_00.png">
      <Filter>Resource Files</Filter>
    </Image>
    <Image Include="Assets\Backgrounds\BG_01.png">
      <Filter>Resource Files</Filter>
    </Image>
    <Image Include="Assets\Backgrounds\BG_02.png">
      <Filter>Resource Files</Filter>
    </Image>
    <Image Include="Assets\Backgrounds\BG_03.png">
      <Filter>Resource Files</Filter>
    </Image>
    <Image Include="Assets\Backgrounds\BG_04.png">
      <Filter>Resource Files</Filter>
    </Image>
    <Image Include="Assets\Backgrounds\BG_05.png">
      <Filter>Resource Files</Filter>
    </Image>
    <Image Include="Assets\Buttons\Back_Button.png">
      <Filter>Resource Files</Filter>
    </Image>
    <Image Include="Assets\Buttons\BackButton_hover.png">
      <Filter>Resource Files</Filter>
    </Image>
    <Image Include="Assets\Buttons\exit.png">
      <Filter>Resource Files</Filter>
    </Image>
    <Image Include="Assets\Buttons\exit_hover.png">
      <Filter>Resource Files</Filter>
    </Image>
    <Image Include="Assets\Buttons\ExitButton.png">
      <Filter>Resource Files</Filter>
    </Image>
    <Image Include="Assets\Buttons\ExitButton_hover.png">
      <Filter>Resource Files</Filter>
    </Image>
    <Image Include="Assets\Buttons\options.png">
      <Filter>Resource Files</Filter>
    </Image>
    <Image Include="Assets\Buttons\options_hover.png">
      <Filter>Resource Files</Filter>
    </Image>
    <Image Include="Assets\Buttons\ReplayButton.png">
      <Filter>Resource Files</Filter>
    </Image>
    <Image Include="Assets\Buttons\ReplayButton_hover.png">
      <Filter>Resource Files</Filter>
    </Image>
    <Image Include="Assets\Buttons\ResumeButton.png">
      <Filter>Resource Files</Filter>
    </Image>
    <Image Include="Assets\Buttons\ResumeButton_hover.png">
      <Filter>Resource Files</Filter>
    </Image>
    <Image Include="Assets\Buttons\start.png">
      <Filter>Resource Files</Filter>
    </Image>
    <Image Include="Assets\Buttons\start_hover.png">
      <Filter>Resource Files</Filter>
    </Image>
    <Image Include="Assets\Character\idle.png">
      <Filter>Resource Files</Filter>
    </Image>
    <Image Include="Assets\Character\jump.png">
      <Filter>Resource Files</Filter>
    </Image>
    <Image Include="Assets\Character\run.png">
      <Filter>Resource Files</Filter>
    </Image>
    <Image Include="Assets\Frog\Idle.png">
      <Filter>Resource Files</Filter>
    </Image>
    <Image Include="Assets\Frog\Jump.png">
      <Filter>Resource Files</Filter>
    </Image>
    <Image Include="Assets\MainMenu\000000.png">
      <Filter>Resource Files</Filter>
    </Image>
    <Image Include="Assets\MainMenu\000001.png">
      <Filter>Resource Files</Filter>
    </Image>
    <Image Include="Assets\MainMenu\000002.png">
      <Filter>Resource Files</Filter>
    </Image>
    <Image Include="Assets\MainMenu\000003.png">
      <Filter>Resource Files</Filter>
    </Image>
    <Image Include="Assets\MainMenu\000004.png">
      <Filter>Resource Files</Filter>
    </Image>
    <Image Include="Assets\MainMenu\000005.png">
      <Filter>Resource Files</Filter>
    </Image>
    <Image Include="Assets\MainMenu\000006.png">
      <Filter>Resource Files</Filter>
    </Image>
    <Image Include="Assets\MainMenu\000007.png">
      <Filter>Resource Files</Filter>
    </Image>
    <Image Include="Assets\MainMenu\000008.png">
      <Filter>Resource Files</Filter>
    </Image>
    <Image Include="Assets\MainMenu\000009.png">
      <Filter>Resource Files</Filter>
    </Image>
    <Image Include="Assets\MainMenu\000010.png">
      <Filter>Resource Files</Filter>
    </Image>
    <Image Include="Assets\MainMenu\000011.png">
      <Filter>Resource Files</Filter>
    </Image>
    <Image Include="Assets\MainMenu\000012.png">
      <Filter>Resource Files</Filter>
    </Image>
    <Image Include="Assets\MainMenu\000013.png">
      <Filter>Resource Files</Filter>
    </Image>
    <Image Include="Assets\MainMenu\000014.png">
      <Filter>Resource Files</Filter>
    </Image>
    <Image Include="Assets\MainMenu\000015.png">
      <Filter>Resource Files</Filter>
    </Image>
    <Image Include="Assets\MainMenu\000016.png">
      <Filter>Resource Files</Filter>
    </Image>
    <Image Include="Assets\MainMenu\000017.png">
      <Filter>Resource Files</Filter>
    </Image>
    <Image Include="Assets\MainMenu\000018.png">
      <Filter>Resource Files</Filter>
    </Image>
    <Image Include="Assets\MainMenu\000019.png">
      <Filter>Resource Files</Filter>
    </Image>
    <Image Include="Assets\MainMenu\000020.png">
      <Filter>Resource Files</Filter>
    </Image>
    <Image Include="Assets\MainMenu\000021.png">
      <Filter>Resource Files</Filter>
    </Image>
    <Image Include="Assets\MainMenu\000022.png">
      <Filter>Resource Files</Filter>
    </Image>
    <Image Include="Assets\MainMenu\000023.png">
      <Filter>Resource Files</Filter>
    </Image>
    <Image Include="Assets\MainMenu\000024.png">
      <Filter>Resource Files</Filter>
    </Image>
    <Image Include="Assets\MainMenu\000025.png">
      <Filter>Resource Files</Filter>
    </Image>
    <Image Include="Assets\MainMenu\000026.png">
      <Filter>Resource Files</Filter>
    </Image>
    <Image Include="Assets\MainMenu\000027.png">
      <Filter>Resource Files</Filter>
    </Image>
    <Image Include="Assets\MainMenu\000028.png">
      <Filter>Resource Files</Filter>
    </Image>
    <Image Include="Assets\MainMenu\000029.png">
      <Filter>Resource Files</Filter>
    </Image>
    <Image Include="Assets\MainMenu\000030.png">
      <Filter>Resource Files</Filter>
    </Image>
    <Image Include="Assets\MainMenu\000031.png">
      <Filter>Resource Files</Filter>
    </Image>
    <Image Include="Assets\MainMenu\000032.png">
      <Filter>Resource Files</Filter>
    </Image>
    <Image Include="Assets\MainMenu\000033.png">
      <Filter>Resource Files</Filter>
    </Image>
    <Image Include="Assets\MainMenu\000034.png">
      <Filter>Resource Files</Filter>
    </Image>
    <Image Include="Assets\MainMenu\000035.png">
      <Filter>Resource Files</Filter>
    </Image>
    <Image Include="Assets\MainMenu\000036.png">
      <Filter>Resource Files</Filter>
    </Image>
    <Image Include="Assets\MainMenu\000037.png">
      <Filter>Resource Files</Filter>
    </Image>
    <Image Include="Assets\MainMenu\000038.png">
      <Filter>Resource Files</Filter>
    </Image>
    <Image Include="Assets\MainMenu\000039.png">
      <Filter>Resource Files</Filter>
    </Image>
    <Image Include="Assets\MainMenu\000040.png">
      <Filter>Resource Files</Filter>
    </Image>
    <Image Include="Assets\MainMenu\000041.png">
      <Filter>Resource Files</Filter>
    </Image>
    <Image Include="Assets\MainMenu\000042.png">
      <Filter>Resource Files</Filter>
    </Image>
    <Image Include="Assets\MainMenu\000043.png">
      <Filter>Resource Files</Filter>
    </Image>
    <Image Include="Assets\MainMenu\000044.png">
      <Filter>Resource Files</Filter>
    </Image>
    <Image Include="Assets\MainMenu\000045.png">
      <Filter>Resource Files</Filter>
    </Image>
    <Image Include="Assets\MainMenu\000046.png">
      <Filter>Resource Files</Filter>
    </Image>
    <Image Include="Assets\MainMenu\000047.png">
      <Filter>Resource Files</Filter>
    </Image>
    <Image Include="Assets\MainMenu\000048.png">
      <Filter>Resource Files</Filter>
    </Image>
    <Image Include="Assets\MainMenu\000049.png">
      <Filter>Resource Files</Filter>
    </Image>
    <Image Include="Assets\MainMenu\000050.png">
      <Filter>Resource Files</Filter>
    </Image>
    <Image Include="Assets\MainMenu\000051.png">
      <Filter>Resource Files</Filter>
    </Image>
    <Image Include="Assets\MainMenu\000052.png">
      <Filter>Resource Files</Filter>
    </Image>
    <Image Include="Assets\MainMenu\000053.png">
      <Filter>Resource Files</Filter>
    </Image>
    <Image Include="Assets\MainMenu\000054.png">
      <Filter>Resource Files</Filter>
    </Image>
    <Image Include="Assets\MainMenu\000055.png">
      <Filter>Resource Files</Filter>
    </Image>
    <Image Include="Assets\MainMenu\000056.png">
      <Filter>Resource Files</Filter>
    </Image>
    <Image Include="Assets\MainMenu\000057.png">
      <Filter>Resource Files</Filter>
    </Image>
    <Image Include="Assets\MainMenu\000058.png">
      <Filter>Resource Files</Filter>
    </Image>
    <Image Include="Assets\MainMenu\000059.png">
      <Filter>Resource Files</Filter>
    </Image>
    <Image Include="Assets\MainMenu\000060.png">
      <Filter>Resource Files</Filter>
    </Image>
    <Image Include="Assets\MainMenu\000061.png">
      <Filter>Resource Files</Filter>
    </Image>
    <Image Include="Assets\MainMenu\000062.png">
      <Filter>Resource Files</Filter>
    </Image>
    <Image Include="Assets\MainMenu\000063.png">
      <Filter>Resource Files</Filter>
    </Image>
    <Image Include="Assets\MainMenu\000064.png">
      <Filter>Resource Files</Filter>
    </Image>
    <Image Include="Assets\MainMenu\000065.png">
      <Filter>Resource Files</Filter>
    </Image>
    <Image Include="Assets\MainMenu\000066.png">
      <Filter>Resource Files</Filter>
    </Image>
    <Image Include="Assets\MainMenu\000067.png">
      <Filter>Resource Files</Filter>
    </Image>
    <Image Include="Assets\MainMenu\000068.png">
      <Filter>Resource Files</Filter>
    </Image>
    <Image Include="Assets\MainMenu\000069.png">
      <Filter>Resource Files</Filter>
    </Image>
    <Image Include="Assets\MainMenu\000070.png">
      <Filter>Resource Files</Filter>
    </Image>
    <Image Include="Assets\MainMenu\000071.png">
      <Filter>Resource Files</Filter>
    </Image>
    <Image Include="Assets\MainMenu\000072.png">
      <Filter>Resource Files</Filter>
    </Image>
    <Image Include="Assets\MainMenu\000073.png">
      <Filter>Resource Files</Filter>
    </Image>
    <Image Include="Assets\MainMenu\000074.png">
      <Filter>Resource Files</Filter>
    </Image>
    <Image Include="Assets\MainMenu\000075.png">
      <Filter>Resource Files</Filter>
    </Image>
    <Image Include="Assets\MainMenu\000076.png">
      <Filter>Resource Files</Filter>
    </Image>
    <Image Include="Assets\MainMenu\000077.png">
      <Filter>Resource Files</Filter>
    </Image>
    <Image Include="Assets\MainMenu\000078.png">
      <Filter>Resource Files</Filter>
    </Image>
    <Image Include="Assets\MainMenu\000079.png">
      <Filter>Resource Files</Filter>
    </Image>
    <Image Include="Assets\MainMenu\000080.png">
      <Filter>Resource Files</Filter>
    </Image>
    <Image Include="Assets\MainMenu\000081.png">
      <Filter>Resource Files</Filter>
    </Image>
    <Image Include="Assets\MainMenu\000082.png">
      <Filter>Resource Files</Filter>
    </Image>
    <Image Include="Assets\MainMenu\000083.png">
      <Filter>Resource Files</Filter>
    </Image>
    <Image Include="Assets\MainMenu\000084.png">
      <Filter>Resource Files</Filter>
    </Image>
    <Image Include="Assets\MainMenu\000085.png">
      <Filter>Resource Files</Filter>
    </Image>
    <Image Include="Assets\MainMenu\000086.png">
      <Filter>Resource Files</Filter>
    </Image>
    <Image Include="Assets\MainMenu\000087.png">
      <Filter>Resource Files</Filter>
    </Image>
    <Image Include="Assets\MainMenu\000088.png">
      <Filter>Resource Files</Filter>
    </Image>
    <Image Include="Assets\MainMenu\000089.png">
      <Filter>Resource Files</Filter>
    </Image>
    <Image Include="Assets\MainMenu\000090.png">
      <Filter>Resource Files</Filter>
    </Image>
    <Image Include="Assets\MainMenu\000091.png">
      <Filter>Resource Files</Filter>
    </Image>
    <Image Include="Assets\MainMenu\000092.png">
      <Filter>Resource Files</Filter>
    </Image>
    <Image Include="Assets\MainMenu\000093.png">
      <Filter>Resource Files</Filter>
    </Image>
    <Image Include="Assets\MainMenu\000094.png">
      <Filter>Resource Files</Filter>
    </Image>
    <Image Include="Assets\MainMenu\000095.png">
      <Filter>Resource Files</Filter>
    </Image>
    <Image Include="Assets\MainMenu\000096.png">
      <Filter>Resource Files</Filter>
    </Image>
    <Image Include="Assets\MainMenu\000097.png">
      <Filter>Resource Files</Filter>
    </Image>
    <Image Include="Assets\MainMenu\000098.png">
      <Filter>Resource Files</Filter>
    </Image>
    <Image Include="Assets\MainMenu\000099.png">
      <Filter>Resource Files</Filter>
    </Image>
    <Image Include="Assets\MainMenu\000100.png">
      <Filter>Resource Files</Filter>
    </Image>
    <Image Include="Assets\MainMenu\000101.png">
      <Filter>Resource Files</Filter>
    </Image>
    <Image Include="Assets\MainMenu\000102.png">
      <Filter>Resource Files</Filter>
    </Image>
    <Image Include="Assets\MainMenu\000103.png">
      <Filter>Resource Files</Filter>
    </Image>
    <Image Include="Assets\MainMenu\000104.png">
      <Filter>Resource Files</Filter>
    </Image>
    <Image Include="Assets\MainMenu\000105.png">
      <Filter>Resource Files</Filter>
    </Image>
    <Image Include="Assets\MainMenu\000106.png">
      <Filter>Resource Files</Filter>
    </Image>
    <Image Include="Assets\MainMenu\000107.png">
      <Filter>Resource Files</Filter>
    </Image>
    <Image Include="Assets\MainMenu\000108.png">
      <Filter>Resource Files</Filter>
    </Image>
    <Image Include="Assets\MainMenu\000109.png">
      <Filter>Resource Files</Filter>
    </Image>
    <Image Include="Assets\MainMenu\000110.png">
      <Filter>Resource Files</Filter>
    </Image>
    <Image Include="Assets\MainMenu\000111.png">
      <Filter>Resource Files</Filter>
    </Image>
    <Image Include="Assets\MainMenu\000112.png">
      <Filter>Resource Files</Filter>
    </Image>
    <Image Include="Assets\MainMenu\000113.png">
      <Filter>Resource Files</Filter>
    </Image>
    <Image Include="Assets\MainMenu\000114.png">
      <Filter>Resource Files</Filter>
    </Image>
    <Image Include="Assets\MainMenu\000115.png">
      <Filter>Resource Files</Filter>
    </Image>
    <Image Include="Assets\MainMenu\000116.png">
      <Filter>Resource Files</Filter>
    </Image>
    <Image Include="Assets\MainMenu\000117.png">
      <Filter>Resource Files</Filter>
    </Image>
    <Image Include="Assets\MainMenu\000118.png">
      <Filter>Resource Files</Filter>
    </Image>
    <Image Include="Assets\MainMenu\000119.png">
      <Filter>Resource Files</Filter>
    </Image>
    <Image Include="Assets\MainMenu\000120.png">
      <Filter>Resource Files</Filter>
    </Image>
    <Image Include="Assets\MainMenu\000121.png">
      <Filter>Resource Files</Filter>
    </Image>
    <Image Include="Assets\MainMenu\000122.png">
      <Filter>Resource Files</Filter>
    </Image>
    <Image Include="Assets\MainMenu\000123.png">
      <Filter>Resource Files</Filter>
    </Image>
    <Image Include="Assets\MainMenu\000124.png">
      <Filter>Resource Files</Filter>
    </Image>
    <Image Include="Assets\MainMenu\000125.png">
      <Filter>Resource Files</Filter>
    </Image>
    <Image Include="Assets\MainMenu\000126.png">
      <Filter>Resource Files</Filter>
    </Image>
    <Image Include="Assets\MainMenu\000127.png">
      <Filter>Resource Files</Filter>
    </Image>
    <Image Include="Assets\MainMenu\000128.png">
      <Filter>Resource Files</Filter>
    </Image>
    <Image Include="Assets\MainMenu\000129.png">
      <Filter>Resource Files</Filter>
    </Image>
    <Image Include="Assets\MainMenu\000130.png">
      <Filter>Resource Files</Filter>
    </Image>
    <Image Include="Assets\MainMenu\000131.png">
      <Filter>Resource Files</Filter>
    </Image>
    <Image Include="Assets\MainMenu\000132.png">
      <Filter>Resource Files</Filter>
    </Image>
    <Image Include="Assets\MainMenu\000133.png">
      <Filter>Resource Files</Filter>
    </Image>
    <Image Include="Assets\MainMenu\000134.png">
      <Filter>Resource Files</Filter>
    </Image>
    <Image Include="Assets\MainMenu\000135.png">
      <Filter>Resource Files</Filter>
    </Image>
    <Image Include="Assets\MainMenu\000136.png">
      <Filter>Resource Files</Filter>
    </Image>
    <Image Include="Assets\MainMenu\000137.png">
      <Filter>Resource Files</Filter>
    </Image>
    <Image Include="Assets\MainMenu\000138.png">
      <Filter>Resource Files</Filter>
    </Image>
    <Image Include="Assets\MainMenu\000139.png">
      <Filter>Resource Files</Filter>
    </Image>
    <Image Include="Assets\MainMenu\000140.png">
      <Filter>Resource Files</Filter>
    </Image>
    <Image Include="Assets\MainMenu\Hailuo_Video_Animate_the_uploaded_image_to__456629609047035913000.png">
      <Filter>Resource Files</Filter>
    </Image>
    <Image Include="Assets\MainMenu\Hailuo_Video_Animate_the_uploaded_image_to__456629609047035913001.png">
      <Filter>Resource Files</Filter>
    </Image>
    <Image Include="Assets\MainMenu\Hailuo_Video_Animate_the_uploaded_image_to__456629609047035913002.png">
      <Filter>Resource Files</Filter>
    </Image>
    <Image Include="Assets\MainMenu\Hailuo_Video_Animate_the_uploaded_image_to__456629609047035913003.png">
      <Filter>Resource Files</Filter>
    </Image>
    <Image Include="Assets\MainMenu\Hailuo_Video_Animate_the_uploaded_image_to__456629609047035913004.png">
      <Filter>Resource Files</Filter>
    </Image>
    <Image Include="Assets\MainMenu\Hailuo_Video_Animate_the_uploaded_image_to__456629609047035913005.png">
      <Filter>Resource Files</Filter>
    </Image>
    <Image Include="Assets\MainMenu\Hailuo_Video_Animate_the_uploaded_image_to__456629609047035913006.png">
      <Filter>Resource Files</Filter>
    </Image>
    <Image Include="Assets\MainMenu\Hailuo_Video_Animate_the_uploaded_image_to__456629609047035913007.png">
      <Filter>Resource Files</Filter>
    </Image>
    <Image Include="Assets\MainMenu\Hailuo_Video_Animate_the_uploaded_image_to__456629609047035913008.png">
      <Filter>Resource Files</Filter>
    </Image>
    <Image Include="Assets\MainMenu\Hailuo_Video_Animate_the_uploaded_image_to__456629609047035913009.png">
      <Filter>Resource Files</Filter>
    </Image>
    <Image Include="Assets\MainMenu\Hailuo_Video_Animate_the_uploaded_image_to__456629609047035913010.png">
      <Filter>Resource Files</Filter>
    </Image>
    <Image Include="Assets\MainMenu\Hailuo_Video_Animate_the_uploaded_image_to__456629609047035913011.png">
      <Filter>Resource Files</Filter>
    </Image>
    <Image Include="Assets\MainMenu\Hailuo_Video_Animate_the_uploaded_image_to__456629609047035913012.png">
      <Filter>Resource Files</Filter>
    </Image>
    <Image Include="Assets\MainMenu\Hailuo_Video_Animate_the_uploaded_image_to__456629609047035913013.png">
      <Filter>Resource Files</Filter>
    </Image>
    <Image Include="Assets\MainMenu\Hailuo_Video_Animate_the_uploaded_image_to__456629609047035913014.png">
      <Filter>Resource Files</Filter>
    </Image>
    <Image Include="Assets\MainMenu\Hailuo_Video_Animate_the_uploaded_image_to__456629609047035913015.png">
      <Filter>Resource Files</Filter>
    </Image>
    <Image Include="Assets\MainMenu\Hailuo_Video_Animate_the_uploaded_image_to__456629609047035913016.png">
      <Filter>Resource Files</Filter>
    </Image>
    <Image Include="Assets\MainMenu\Hailuo_Video_Animate_the_uploaded_image_to__456629609047035913017.png">
      <Filter>Resource Files</Filter>
    </Image>
    <Image Include="Assets\MainMenu\Hailuo_Video_Animate_the_uploaded_image_to__456629609047035913018.png">
      <Filter>Resource Files</Filter>
    </Image>
    <Image Include="Assets\MainMenu\Hailuo_Video_Animate_the_uploaded_image_to__456629609047035913019.png">
      <Filter>Resource Files</Filter>
    </Image>
    <Image Include="Assets\MainMenu\Hailuo_Video_Animate_the_uploaded_image_to__456629609047035913020.png">
      <Filter>Resource Files</Filter>
    </Image>
    <Image Include="Assets\MainMenu\Hailuo_Video_Animate_the_uploaded_image_to__456629609047035913021.png">
      <Filter>Resource Files</Filter>
    </Image>
    <Image Include="Assets\MainMenu\Hailuo_Video_Animate_the_uploaded_image_to__456629609047035913022.png">
      <Filter>Resource Files</Filter>
    </Image>
    <Image Include="Assets\MainMenu\Hailuo_Video_Animate_the_uploaded_image_to__456629609047035913023.png">
      <Filter>Resource Files</Filter>
    </Image>
    <Image Include="Assets\MainMenu\Hailuo_Video_Animate_the_uploaded_image_to__456629609047035913024.png">
      <Filter>Resource Files</Filter>
    </Image>
    <Image Include="Assets\MainMenu\Hailuo_Video_Animate_the_uploaded_image_to__456629609047035913025.png">
      <Filter>Resource Files</Filter>
    </Image>
    <Image Include="Assets\MainMenu\Hailuo_Video_Animate_the_uploaded_image_to__456629609047035913026.png">
      <Filter>Resource Files</Filter>
    </Image>
    <Image Include="Assets\MainMenu\Hailuo_Video_Animate_the_uploaded_image_to__456629609047035913027.png">
      <Filter>Resource Files</Filter>
    </Image>
    <Image Include="Assets\MainMenu\Hailuo_Video_Animate_the_uploaded_image_to__456629609047035913028.png">
      <Filter>Resource Files</Filter>
    </Image>
    <Image Include="Assets\MainMenu\Hailuo_Video_Animate_the_uploaded_image_to__456629609047035913029.png">
      <Filter>Resource Files</Filter>
    </Image>
    <Image Include="Assets\MainMenu\Hailuo_Video_Animate_the_uploaded_image_to__456629609047035913030.png">
      <Filter>Resource Files</Filter>
    </Image>
    <Image Include="Assets\MainMenu\Hailuo_Video_Animate_the_uploaded_image_to__456629609047035913031.png">
      <Filter>Resource Files</Filter>
    </Image>
    <Image Include="Assets\MainMenu\Hailuo_Video_Animate_the_uploaded_image_to__456629609047035913032.png">
      <Filter>Resource Files</Filter>
    </Image>
    <Image Include="Assets\MainMenu\Hailuo_Video_Animate_the_uploaded_image_to__456629609047035913033.png">
      <Filter>Resource Files</Filter>
    </Image>
    <Image Include="Assets\MainMenu\Hailuo_Video_Animate_the_uploaded_image_to__456629609047035913034.png">
      <Filter>Resource Files</Filter>
    </Image>
    <Image Include="Assets\MainMenu\Hailuo_Video_Animate_the_uploaded_image_to__456629609047035913035.png">
      <Filter>Resource Files</Filter>
    </Image>
    <Image Include="Assets\MainMenu\Hailuo_Video_Animate_the_uploaded_image_to__456629609047035913036.png">
      <Filter>Resource Files</Filter>
    </Image>
    <Image Include="Assets\MainMenu\Hailuo_Video_Animate_the_uploaded_image_to__456629609047035913037.png">
      <Filter>Resource Files</Filter>
    </Image>
    <Image Include="Assets\MainMenu\Hailuo_Video_Animate_the_uploaded_image_to__456629609047035913038.png">
      <Filter>Resource Files</Filter>
    </Image>
    <Image Include="Assets\MainMenu\Hailuo_Video_Animate_the_uploaded_image_to__456629609047035913039.png">
      <Filter>Resource Files</Filter>
    </Image>
    <Image Include="Assets\MainMenu\Hailuo_Video_Animate_the_uploaded_image_to__456629609047035913040.png">
      <Filter>Resource Files</Filter>
    </Image>
    <Image Include="Assets\MainMenu\Hailuo_Video_Animate_the_uploaded_image_to__456629609047035913041.png">
      <Filter>Resource Files</Filter>
    </Image>
    <Image Include="Assets\MainMenu\Hailuo_Video_Animate_the_uploaded_image_to__456629609047035913042.png">
      <Filter>Resource Files</Filter>
    </Image>
    <Image Include="Assets\MainMenu\Hailuo_Video_Animate_the_uploaded_image_to__456629609047035913043.png">
      <Filter>Resource Files</Filter>
    </Image>
    <Image Include="Assets\MainMenu\Hailuo_Video_Animate_the_uploaded_image_to__456629609047035913044.png">
      <Filter>Resource Files</Filter>
    </Image>
    <Image Include="Assets\MainMenu\Hailuo_Video_Animate_the_uploaded_image_to__456629609047035913045.png">
      <Filter>Resource Files</Filter>
    </Image>
    <Image Include="Assets\MainMenu\Hailuo_Video_Animate_the_uploaded_image_to__456629609047035913046.png">
      <Filter>Resource Files</Filter>
    </Image>
    <Image Include="Assets\MainMenu\Hailuo_Video_Animate_the_uploaded_image_to__456629609047035913047.png">
      <Filter>Resource Files</Filter>
    </Image>
    <Image Include="Assets\MainMenu\Hailuo_Video_Animate_the_uploaded_image_to__456629609047035913048.png">
      <Filter>Resource Files</Filter>
    </Image>
    <Image Include="Assets\MainMenu\Hailuo_Video_Animate_the_uploaded_image_to__456629609047035913049.png">
      <Filter>Resource Files</Filter>
    </Image>
    <Image Include="Assets\MainMenu\Hailuo_Video_Animate_the_uploaded_image_to__456629609047035913050.png">
      <Filter>Resource Files</Filter>
    </Image>
    <Image Include="Assets\MainMenu\Hailuo_Video_Animate_the_uploaded_image_to__456629609047035913051.png">
      <Filter>Resource Files</Filter>
    </Image>
    <Image Include="Assets\MainMenu\Hailuo_Video_Animate_the_uploaded_image_to__456629609047035913052.png">
      <Filter>Resource Files</Filter>
    </Image>
    <Image Include="Assets\MainMenu\Hailuo_Video_Animate_the_uploaded_image_to__456629609047035913053.png">
      <Filter>Resource Files</Filter>
    </Image>
    <Image Include="Assets\MainMenu\Hailuo_Video_Animate_the_uploaded_image_to__456629609047035913054.png">
      <Filter>Resource Files</Filter>
    </Image>
    <Image Include="Assets\MainMenu\Hailuo_Video_Animate_the_uploaded_image_to__456629609047035913055.png">
      <Filter>Resource Files</Filter>
    </Image>
    <Image Include="Assets\MainMenu\Hailuo_Video_Animate_the_uploaded_image_to__456629609047035913056.png">
      <Filter>Resource Files</Filter>
    </Image>
    <Image Include="Assets\MainMenu\Hailuo_Video_Animate_the_uploaded_image_to__456629609047035913057.png">
      <Filter>Resource Files</Filter>
    </Image>
    <Image Include="Assets\MainMenu\Hailuo_Video_Animate_the_uploaded_image_to__456629609047035913058.png">
      <Filter>Resource Files</Filter>
    </Image>
    <Image Include="Assets\MainMenu\Hailuo_Video_Animate_the_uploaded_image_to__456629609047035913059.png">
      <Filter>Resource Files</Filter>
    </Image>
    <Image Include="Assets\MainMenu\Hailuo_Video_Animate_the_uploaded_image_to__456629609047035913060.png">
      <Filter>Resource Files</Filter>
    </Image>
    <Image Include="Assets\MainMenu\Hailuo_Video_Animate_the_uploaded_image_to__456629609047035913061.png">
      <Filter>Resource Files</Filter>
    </Image>
    <Image Include="Assets\MainMenu\Hailuo_Video_Animate_the_uploaded_image_to__456629609047035913062.png">
      <Filter>Resource Files</Filter>
    </Image>
    <Image Include="Assets\MainMenu\Hailuo_Video_Animate_the_uploaded_image_to__456629609047035913063.png">
      <Filter>Resource Files</Filter>
    </Image>
    <Image Include="Assets\MainMenu\Hailuo_Video_Animate_the_uploaded_image_to__456629609047035913064.png">
      <Filter>Resource Files</Filter>
    </Image>
    <Image Include="Assets\MainMenu\Hailuo_Video_Animate_the_uploaded_image_to__456629609047035913065.png">
      <Filter>Resource Files</Filter>
    </Image>
    <Image Include="Assets\MainMenu\Hailuo_Video_Animate_the_uploaded_image_to__456629609047035913066.png">
      <Filter>Resource Files</Filter>
    </Image>
    <Image Include="Assets\MainMenu\Hailuo_Video_Animate_the_uploaded_image_to__456629609047035913067.png">
      <Filter>Resource Files</Filter>
    </Image>
    <Image Include="Assets\MainMenu\Hailuo_Video_Animate_the_uploaded_image_to__456629609047035913068.png">
      <Filter>Resource Files</Filter>
    </Image>
    <Image Include="Assets\MainMenu\Hailuo_Video_Animate_the_uploaded_image_to__456629609047035913069.png">
      <Filter>Resource Files</Filter>
    </Image>
    <Image Include="Assets\MainMenu\Hailuo_Video_Animate_the_uploaded_image_to__456629609047035913070.png">
      <Filter>Resource Files</Filter>
    </Image>
    <Image Include="Assets\MainMenu\Hailuo_Video_Animate_the_uploaded_image_to__456629609047035913071.png">
      <Filter>Resource Files</Filter>
    </Image>
    <Image Include="Assets\MainMenu\Hailuo_Video_Animate_the_uploaded_image_to__456629609047035913072.png">
      <Filter>Resource Files</Filter>
    </Image>
    <Image Include="Assets\MainMenu\Hailuo_Video_Animate_the_uploaded_image_to__456629609047035913073.png">
      <Filter>Resource Files</Filter>
    </Image>
    <Image Include="Assets\MainMenu\Hailuo_Video_Animate_the_uploaded_image_to__456629609047035913074.png">
      <Filter>Resource Files</Filter>
    </Image>
    <Image Include="Assets\MainMenu\Hailuo_Video_Animate_the_uploaded_image_to__456629609047035913075.png">
      <Filter>Resource Files</Filter>
    </Image>
    <Image Include="Assets\MainMenu\Hailuo_Video_Animate_the_uploaded_image_to__456629609047035913076.png">
      <Filter>Resource Files</Filter>
    </Image>
    <Image Include="Assets\MainMenu\Hailuo_Video_Animate_the_uploaded_image_to__456629609047035913077.png">
      <Filter>Resource Files</Filter>
    </Image>
    <Image Include="Assets\MainMenu\Hailuo_Video_Animate_the_uploaded_image_to__456629609047035913078.png">
      <Filter>Resource Files</Filter>
    </Image>
    <Image Include="Assets\MainMenu\Hailuo_Video_Animate_the_uploaded_image_to__456629609047035913079.png">
      <Filter>Resource Files</Filter>
    </Image>
    <Image Include="Assets\MainMenu\Hailuo_Video_Animate_the_uploaded_image_to__456629609047035913080.png">
      <Filter>Resource Files</Filter>
    </Image>
    <Image Include="Assets\MainMenu\Hailuo_Video_Animate_the_uploaded_image_to__456629609047035913081.png">
      <Filter>Resource Files</Filter>
    </Image>
    <Image Include="Assets\MainMenu\Hailuo_Video_Animate_the_uploaded_image_to__456629609047035913082.png">
      <Filter>Resource Files</Filter>
    </Image>
    <Image Include="Assets\MainMenu\Hailuo_Video_Animate_the_uploaded_image_to__456629609047035913083.png">
      <Filter>Resource Files</Filter>
    </Image>
    <Image Include="Assets\MainMenu\Hailuo_Video_Animate_the_uploaded_image_to__456629609047035913084.png">
      <Filter>Resource Files</Filter>
    </Image>
    <Image Include="Assets\MainMenu\Hailuo_Video_Animate_the_uploaded_image_to__456629609047035913085.png">
      <Filter>Resource Files</Filter>
    </Image>
    <Image Include="Assets\MainMenu\Hailuo_Video_Animate_the_uploaded_image_to__456629609047035913086.png">
      <Filter>Resource Files</Filter>
    </Image>
    <Image Include="Assets\MainMenu\Hailuo_Video_Animate_the_uploaded_image_to__456629609047035913087.png">
      <Filter>Resource Files</Filter>
    </Image>
    <Image Include="Assets\MainMenu\Hailuo_Video_Animate_the_uploaded_image_to__456629609047035913088.png">
      <Filter>Resource Files</Filter>
    </Image>
    <Image Include="Assets\MainMenu\Hailuo_Video_Animate_the_uploaded_image_to__456629609047035913089.png">
      <Filter>Resource Files</Filter>
    </Image>
    <Image Include="Assets\MainMenu\Hailuo_Video_Animate_the_uploaded_image_to__456629609047035913090.png">
      <Filter>Resource Files</Filter>
    </Image>
    <Image Include="Assets\MainMenu\Hailuo_Video_Animate_the_uploaded_image_to__456629609047035913091.png">
      <Filter>Resource Files</Filter>
    </Image>
    <Image Include="Assets\MainMenu\Hailuo_Video_Animate_the_uploaded_image_to__456629609047035913092.png">
      <Filter>Resource Files</Filter>
    </Image>
    <Image Include="Assets\MainMenu\Hailuo_Video_Animate_the_uploaded_image_to__456629609047035913093.png">
      <Filter>Resource Files</Filter>
    </Image>
    <Image Include="Assets\MainMenu\Hailuo_Video_Animate_the_uploaded_image_to__456629609047035913094.png">
      <Filter>Resource Files</Filter>
    </Image>
    <Image Include="Assets\MainMenu\Hailuo_Video_Animate_the_uploaded_image_to__456629609047035913095.png">
      <Filter>Resource Files</Filter>
    </Image>
    <Image Include="Assets\MainMenu\Hailuo_Video_Animate_the_uploaded_image_to__456629609047035913096.png">
      <Filter>Resource Files</Filter>
    </Image>
    <Image Include="Assets\MainMenu\Hailuo_Video_Animate_the_uploaded_image_to__456629609047035913097.png">
      <Filter>Resource Files</Filter>
    </Image>
    <Image Include="Assets\MainMenu\Hailuo_Video_Animate_the_uploaded_image_to__456629609047035913098.png">
      <Filter>Resource Files</Filter>
    </Image>
    <Image Include="Assets\MainMenu\Hailuo_Video_Animate_the_uploaded_image_to__456629609047035913099.png">
      <Filter>Resource Files</Filter>
    </Image>
    <Image Include="Assets\MainMenu\Hailuo_Video_Animate_the_uploaded_image_to__456629609047035913100.png">
      <Filter>Resource Files</Filter>
    </Image>
    <Image Include="Assets\MainMenu\Hailuo_Video_Animate_the_uploaded_image_to__456629609047035913101.png">
      <Filter>Resource Files</Filter>
    </Image>
    <Image Include="Assets\MainMenu\Hailuo_Video_Animate_the_uploaded_image_to__456629609047035913102.png">
      <Filter>Resource Files</Filter>
    </Image>
    <Image Include="Assets\MainMenu\Hailuo_Video_Animate_the_uploaded_image_to__456629609047035913103.png">
      <Filter>Resource Files</Filter>
    </Image>
    <Image Include="Assets\MainMenu\Hailuo_Video_Animate_the_uploaded_image_to__456629609047035913104.png">
      <Filter>Resource Files</Filter>
    </Image>
    <Image Include="Assets\MainMenu\Hailuo_Video_Animate_the_uploaded_image_to__456629609047035913105.png">
      <Filter>Resource Files</Filter>
    </Image>
    <Image Include="Assets\MainMenu\Hailuo_Video_Animate_the_uploaded_image_to__456629609047035913106.png">
      <Filter>Resource Files</Filter>
    </Image>
    <Image Include="Assets\MainMenu\Hailuo_Video_Animate_the_uploaded_image_to__456629609047035913107.png">
      <Filter>Resource Files</Filter>
    </Image>
    <Image Include="Assets\MainMenu\Hailuo_Video_Animate_the_uploaded_image_to__456629609047035913108.png">
      <Filter>Resource Files</Filter>
    </Image>
    <Image Include="Assets\MainMenu\Hailuo_Video_Animate_the_uploaded_image_to__456629609047035913109.png">
      <Filter>Resource Files</Filter>
    </Image>
    <Image Include="Assets\MainMenu\Hailuo_Video_Animate_the_uploaded_image_to__456629609047035913110.png">
      <Filter>Resource Files</Filter>
    </Image>
    <Image Include="Assets\MainMenu\Hailuo_Video_Animate_the_uploaded_image_to__456629609047035913111.png">
      <Filter>Resource Files</Filter>
    </Image>
    <Image Include="Assets\MainMenu\Hailuo_Video_Animate_the_uploaded_image_to__456629609047035913112.png">
      <Filter>Resource Files</Filter>
    </Image>
    <Image Include="Assets\MainMenu\Hailuo_Video_Animate_the_uploaded_image_to__456629609047035913113.png">
      <Filter>Resource Files</Filter>
    </Image>
    <Image Include="Assets\MainMenu\Hailuo_Video_Animate_the_uploaded_image_to__456629609047035913114.png">
      <Filter>Resource Files</Filter>
    </Image>
    <Image Include="Assets\MainMenu\Hailuo_Video_Animate_the_uploaded_image_to__456629609047035913115.png">
      <Filter>Resource Files</Filter>
    </Image>
    <Image Include="Assets\MainMenu\Hailuo_Video_Animate_the_uploaded_image_to__456629609047035913116.png">
      <Filter>Resource Files</Filter>
    </Image>
    <Image Include="Assets\MainMenu\Hailuo_Video_Animate_the_uploaded_image_to__456629609047035913117.png">
      <Filter>Resource Files</Filter>
    </Image>
    <Image Include="Assets\MainMenu\Hailuo_Video_Animate_the_uploaded_image_to__456629609047035913118.png">
      <Filter>Resource Files</Filter>
    </Image>
    <Image Include="Assets\MainMenu\Hailuo_Video_Animate_the_uploaded_image_to__456629609047035913119.png">
      <Filter>Resource Files</Filter>
    </Image>
    <Image Include="Assets\MainMenu\Hailuo_Video_Animate_the_uploaded_image_to__456629609047035913120.png">
      <Filter>Resource Files</Filter>
    </Image>
    <Image Include="Assets\MainMenu\Hailuo_Video_Animate_the_uploaded_image_to__456629609047035913121.png">
      <Filter>Resource Files</Filter>
    </Image>
    <Image Include="Assets\MainMenu\Hailuo_Video_Animate_the_uploaded_image_to__456629609047035913122.png">
      <Filter>Resource Files</Filter>
    </Image>
    <Image Include="Assets\MainMenu\Hailuo_Video_Animate_the_uploaded_image_to__456629609047035913123.png">
      <Filter>Resource Files</Filter>
    </Image>
    <Image Include="Assets\MainMenu\Hailuo_Video_Animate_the_uploaded_image_to__456629609047035913124.png">
      <Filter>Resource Files</Filter>
    </Image>
    <Image Include="Assets\MainMenu\Hailuo_Video_Animate_the_uploaded_image_to__456629609047035913125.png">
      <Filter>Resource Files</Filter>
    </Image>
    <Image Include="Assets\MainMenu\Hailuo_Video_Animate_the_uploaded_image_to__456629609047035913126.png">
      <Filter>Resource Files</Filter>
    </Image>
    <Image Include="Assets\MainMenu\Hailuo_Video_Animate_the_uploaded_image_to__456629609047035913127.png">
      <Filter>Resource Files</Filter>
    </Image>
    <Image Include="Assets\MainMenu\Hailuo_Video_Animate_the_uploaded_image_to__456629609047035913128.png">
      <Filter>Resource Files</Filter>
    </Image>
    <Image Include="Assets\MainMenu\Hailuo_Video_Animate_the_uploaded_image_to__456629609047035913129.png">
      <Filter>Resource Files</Filter>
    </Image>
    <Image Include="Assets\MainMenu\Hailuo_Video_Animate_the_uploaded_image_to__456629609047035913130.png">
      <Filter>Resource Files</Filter>
    </Image>
    <Image Include="Assets\MainMenu\Hailuo_Video_Animate_the_uploaded_image_to__456629609047035913131.png">
      <Filter>Resource Files</Filter>
    </Image>
    <Image Include="Assets\MainMenu\Hailuo_Video_Animate_the_uploaded_image_to__456629609047035913132.png">
      <Filter>Resource Files</Filter>
    </Image>
    <Image Include="Assets\MainMenu\Hailuo_Video_Animate_the_uploaded_image_to__456629609047035913133.png">
      <Filter>Resource Files</Filter>
    </Image>
    <Image Include="Assets\MainMenu\Hailuo_Video_Animate_the_uploaded_image_to__456629609047035913134.png">
      <Filter>Resource Files</Filter>
    </Image>
    <Image Include="Assets\MainMenu\Hailuo_Video_Animate_the_uploaded_image_to__456629609047035913135.png">
      <Filter>Resource Files</Filter>
    </Image>
    <Image Include="Assets\MainMenu\Hailuo_Video_Animate_the_uploaded_image_to__456629609047035913136.png">
      <Filter>Resource Files</Filter>
    </Image>
    <Image Include="Assets\MainMenu\Hailuo_Video_Animate_the_uploaded_image_to__456629609047035913137.png">
      <Filter>Resource Files</Filter>
    </Image>
    <Image Include="Assets\MainMenu\Hailuo_Video_Animate_the_uploaded_image_to__456629609047035913138.png">
      <Filter>Resource Files</Filter>
    </Image>
    <Image Include="Assets\MainMenu\Hailuo_Video_Animate_the_uploaded_image_to__456629609047035913139.png">
      <Filter>Resource Files</Filter>
    </Image>
    <Image Include="Assets\MainMenu\Hailuo_Video_Animate_the_uploaded_image_to__456629609047035913140.png">
      <Filter>Resource Files</Filter>
    </Image>
    <Image Include="Assets\MenusBackgrounds\MainMenu.png">
      <Filter>Resource Files</Filter>
    </Image>
    <Image Include="Assets\PauseMenu\PauseMenuBG.png">
      <Filter>Resource Files</Filter>
    </Image>
    <Image Include="Assets\Platforms\Pltfrm1.png">
      <Filter>Resource Files</Filter>
    </Image>
    <Image Include="Assets\Platforms\Pltfrm2.png">
      <Filter>Resource Files</Filter>
    </Image>
    <Image Include="Assets\Platforms\Pltfrm3.png">
      <Filter>Resource Files</Filter>
    </Image>
    <Image Include="Assets\Platforms\Pltfrm4.png">
      <Filter>Resource Files</Filter>
    </Image>
    <Image Include="Assets\Props\Leaves1.png">
      <Filter>Resource Files</Filter>
    </Image>
    <Image Include="Assets\Props\Leaves2.png">
      <Filter>Resource Files</Filter>
    </Image>
    <Image Include="Assets\Props\Leaves3.png">
      <Filter>Resource Files</Filter>
    </Image>
    <Image Include="Assets\Props\Rock1.png">
      <Filter>Resource Files</Filter>
    </Image>
    <Image Include="Assets\Props\Rock2.png">
      <Filter>Resource Files</Filter>
    </Image>
    <Image Include="Assets\Props\Rock3.png">
      <Filter>Resource Files</Filter>
    </Image>
    <Image Include="Assets\Props\Tree.png">
      <Filter>Resource Files</Filter>
    </Image>
    <Image Include="Assets\SettingsMenu\Settings_Menu_BG.png">
      <Filter>Resource Files</Filter>
    </Image>
    <Image Include="Assets\Spikes\Spike.png">
      <Filter>Resource Files</Filter>
    </Image>
    <Image Include="Assets\Spikes\Spikes1.png">
      <Filter>Resource Files</Filter>
    </Image>
    <Image Include="Assets\Spikes\Spikes2.png">
      <Filter>Resource Files</Filter>
    </Image>
    <Image Include="Assets\Thorns\Thorns.png">
      <Filter>Resource Files</Filter>
    </Image>
    <Image Include="Assets\Title.png">
      <Filter>Resource Files</Filter>
    </Image>
    <Image Include="Assets\VillageSign.png">
      <Filter>Resource Files</Filter>
    </Image>
  </ItemGroup>
  <ItemGroup>
    <Font Include="Assets\Fonts\MyFont.ttf" />
  </ItemGroup>
  <ItemGroup>
    <Media Include="Assets\SFX\BackGround.mp3" />
    <Media Include="Assets\SFX\button_click.mp3" />
    <Media Include="Assets\SFX\rain.mp3" />
  </ItemGroup>
  <ItemGroup>
    <None Include="Assets\SFX\FrogJump.ogg" />
    <None Include="Assets\SFX\jump.ogg" />
    <None Include="Assets\SFX\Land.ogg" />
    <None Include="Assets\SFX\run.ogg.opus" />
  </ItemGroup>
</Project>